
Microsoft Visual Studio Solution File, Format Version 12.00
# Visual Studio Version 17
VisualStudioVersion = 17.5.002.0
MinimumVisualStudioVersion = 10.0.40219.1
Project("{2150E333-8FDC-42A3-9474-1A3956D46DE8}") = "csharp-prep", "csharp-prep", "{BD7031F3-C231-4530-A210-22A4ABA917EB}"
EndProject
Project("{9A19103F-16F7-4668-BE54-9A1E7A4F7556}") = "Prep1", "csharp-prep\Prep1\Prep1.csproj", "{5F60955E-B826-4DCF-B25C-00F6A1E5B0DB}"
EndProject
Project("{9A19103F-16F7-4668-BE54-9A1E7A4F7556}") = "Prep2", "csharp-prep\Prep2\Prep2.csproj", "{5E935A3A-FFE5-41B4-9B7E-2501538BE4DB}"
EndProject
Project("{9A19103F-16F7-4668-BE54-9A1E7A4F7556}") = "Prep3", "csharp-prep\Prep3\Prep3.csproj", "{ACFEBA7D-C024-4877-9FA6-4F76B4BEEA6C}"
EndProject
Project("{9A19103F-16F7-4668-BE54-9A1E7A4F7556}") = "Prep4", "csharp-prep\Prep4\Prep4.csproj", "{B040D7AC-6D09-4E2C-B8BC-C9C3D0FF2430}"
EndProject
Project("{9A19103F-16F7-4668-BE54-9A1E7A4F7556}") = "Prep5", "csharp-prep\Prep5\Prep5.csproj", "{20D496EE-6681-4B87-AF15-942788DAB06F}"
EndProject
Project("{2150E333-8FDC-42A3-9474-1A3956D46DE8}") = "final", "final", "{BC01D2A9-896A-439E-99E2-2A14E0667711}"
EndProject
Project("{9A19103F-16F7-4668-BE54-9A1E7A4F7556}") = "FinalProject", "final\FinalProject\FinalProject.csproj", "{2F8D728C-477A-4D36-B9CB-3848C1530A23}"
EndProject
Project("{9A19103F-16F7-4668-BE54-9A1E7A4F7556}") = "Foundation1", "final\Foundation1\Foundation1.csproj", "{DF227BEF-9D75-4187-8FBB-E3A062108E17}"
EndProject
Project("{9A19103F-16F7-4668-BE54-9A1E7A4F7556}") = "Foundation2", "final\Foundation2\Foundation2.csproj", "{42E2DDF4-3CE6-4315-9348-03A32192DB27}"
EndProject
Project("{9A19103F-16F7-4668-BE54-9A1E7A4F7556}") = "Foundation3", "final\Foundation3\Foundation3.csproj", "{52FBF148-218A-4596-9DDC-38E019D074B2}"
EndProject
Project("{9A19103F-16F7-4668-BE54-9A1E7A4F7556}") = "Foundation4", "final\Foundation4\Foundation4.csproj", "{7F0A1955-5527-4F06-AD25-E8EAC92733BE}"
EndProject
Project("{2150E333-8FDC-42A3-9474-1A3956D46DE8}") = "prepare", "prepare", "{634FE9CD-4173-482F-B421-F6F0348CF320}"
EndProject
Project("{9A19103F-16F7-4668-BE54-9A1E7A4F7556}") = "Learning02", "prepare\Learning02\Learning02.csproj", "{2502C123-7A50-4788-BC73-B9BDCF27337E}"
EndProject
Project("{9A19103F-16F7-4668-BE54-9A1E7A4F7556}") = "Learning03", "prepare\Learning03\Learning03.csproj", "{4AC4347B-36C8-4BF5-996B-75FC3920F448}"
EndProject
Project("{9A19103F-16F7-4668-BE54-9A1E7A4F7556}") = "Learning04", "prepare\Learning04\Learning04.csproj", "{8C159956-15B0-44F9-BFB1-0B45F2ACF2D6}"
EndProject
Project("{9A19103F-16F7-4668-BE54-9A1E7A4F7556}") = "Learning05", "prepare\Learning05\Learning05.csproj", "{87687A44-E90F-40DF-9808-08C624685351}"
EndProject
Project("{2150E333-8FDC-42A3-9474-1A3956D46DE8}") = "prove", "prove", "{C0005ECE-2149-4B01-A1D9-E7D7E626444C}"
EndProject
Project("{9A19103F-16F7-4668-BE54-9A1E7A4F7556}") = "Develop02", "prove\Develop02\Develop02.csproj", "{810F1EC4-661B-4A81-8EC5-2435906AFFD9}"
EndProject
Project("{9A19103F-16F7-4668-BE54-9A1E7A4F7556}") = "Develop03", "prove\Develop03\Develop03.csproj", "{805148A5-F215-4260-A510-39EED5492F95}"
EndProject
Project("{9A19103F-16F7-4668-BE54-9A1E7A4F7556}") = "Develop04", "prove\Develop04\Develop04.csproj", "{87338354-050F-41AD-8DAB-84ED6B0C789A}"
EndProject
Project("{9A19103F-16F7-4668-BE54-9A1E7A4F7556}") = "Develop05", "prove\Develop05\Develop05.csproj", "{2D82D23C-853E-4E57-9A8E-10AFC0445251}"
EndProject
Project("{2150E333-8FDC-42A3-9474-1A3956D46DE8}") = "sandbox", "sandbox", "{ACB0AF50-4388-44E5-A2B8-9FE0656B2AB9}"
EndProject
Project("{9A19103F-16F7-4668-BE54-9A1E7A4F7556}") = "Sandbox", "sandbox\Sandbox\Sandbox.csproj", "{D8ABFC3B-0A60-4845-B36A-1661414DAFAA}"
EndProject
Global
	GlobalSection(SolutionConfigurationPlatforms) = preSolution
		Debug|Any CPU = Debug|Any CPU
		Release|Any CPU = Release|Any CPU
	EndGlobalSection
	GlobalSection(ProjectConfigurationPlatforms) = postSolution
		{5F60955E-B826-4DCF-B25C-00F6A1E5B0DB}.Debug|Any CPU.ActiveCfg = Debug|Any CPU
		{5F60955E-B826-4DCF-B25C-00F6A1E5B0DB}.Debug|Any CPU.Build.0 = Debug|Any CPU
		{5F60955E-B826-4DCF-B25C-00F6A1E5B0DB}.Release|Any CPU.ActiveCfg = Release|Any CPU
		{5F60955E-B826-4DCF-B25C-00F6A1E5B0DB}.Release|Any CPU.Build.0 = Release|Any CPU
		{5E935A3A-FFE5-41B4-9B7E-2501538BE4DB}.Debug|Any CPU.ActiveCfg = Debug|Any CPU
		{5E935A3A-FFE5-41B4-9B7E-2501538BE4DB}.Debug|Any CPU.Build.0 = Debug|Any CPU
		{5E935A3A-FFE5-41B4-9B7E-2501538BE4DB}.Release|Any CPU.ActiveCfg = Release|Any CPU
		{5E935A3A-FFE5-41B4-9B7E-2501538BE4DB}.Release|Any CPU.Build.0 = Release|Any CPU
		{ACFEBA7D-C024-4877-9FA6-4F76B4BEEA6C}.Debug|Any CPU.ActiveCfg = Debug|Any CPU
		{ACFEBA7D-C024-4877-9FA6-4F76B4BEEA6C}.Debug|Any CPU.Build.0 = Debug|Any CPU
		{ACFEBA7D-C024-4877-9FA6-4F76B4BEEA6C}.Release|Any CPU.ActiveCfg = Release|Any CPU
		{ACFEBA7D-C024-4877-9FA6-4F76B4BEEA6C}.Release|Any CPU.Build.0 = Release|Any CPU
		{B040D7AC-6D09-4E2C-B8BC-C9C3D0FF2430}.Debug|Any CPU.ActiveCfg = Debug|Any CPU
		{B040D7AC-6D09-4E2C-B8BC-C9C3D0FF2430}.Debug|Any CPU.Build.0 = Debug|Any CPU
		{B040D7AC-6D09-4E2C-B8BC-C9C3D0FF2430}.Release|Any CPU.ActiveCfg = Release|Any CPU
		{B040D7AC-6D09-4E2C-B8BC-C9C3D0FF2430}.Release|Any CPU.Build.0 = Release|Any CPU
		{20D496EE-6681-4B87-AF15-942788DAB06F}.Debug|Any CPU.ActiveCfg = Debug|Any CPU
		{20D496EE-6681-4B87-AF15-942788DAB06F}.Debug|Any CPU.Build.0 = Debug|Any CPU
		{20D496EE-6681-4B87-AF15-942788DAB06F}.Release|Any CPU.ActiveCfg = Release|Any CPU
		{20D496EE-6681-4B87-AF15-942788DAB06F}.Release|Any CPU.Build.0 = Release|Any CPU
		{2F8D728C-477A-4D36-B9CB-3848C1530A23}.Debug|Any CPU.ActiveCfg = Debug|Any CPU
		{2F8D728C-477A-4D36-B9CB-3848C1530A23}.Debug|Any CPU.Build.0 = Debug|Any CPU
		{2F8D728C-477A-4D36-B9CB-3848C1530A23}.Release|Any CPU.ActiveCfg = Release|Any CPU
		{2F8D728C-477A-4D36-B9CB-3848C1530A23}.Release|Any CPU.Build.0 = Release|Any CPU
		{DF227BEF-9D75-4187-8FBB-E3A062108E17}.Debug|Any CPU.ActiveCfg = Debug|Any CPU
		{DF227BEF-9D75-4187-8FBB-E3A062108E17}.Debug|Any CPU.Build.0 = Debug|Any CPU
		{DF227BEF-9D75-4187-8FBB-E3A062108E17}.Release|Any CPU.ActiveCfg = Release|Any CPU
		{DF227BEF-9D75-4187-8FBB-E3A062108E17}.Release|Any CPU.Build.0 = Release|Any CPU
		{42E2DDF4-3CE6-4315-9348-03A32192DB27}.Debug|Any CPU.ActiveCfg = Debug|Any CPU
		{42E2DDF4-3CE6-4315-9348-03A32192DB27}.Debug|Any CPU.Build.0 = Debug|Any CPU
		{42E2DDF4-3CE6-4315-9348-03A32192DB27}.Release|Any CPU.ActiveCfg = Release|Any CPU
		{42E2DDF4-3CE6-4315-9348-03A32192DB27}.Release|Any CPU.Build.0 = Release|Any CPU
		{52FBF148-218A-4596-9DDC-38E019D074B2}.Debug|Any CPU.ActiveCfg = Debug|Any CPU
		{52FBF148-218A-4596-9DDC-38E019D074B2}.Debug|Any CPU.Build.0 = Debug|Any CPU
		{52FBF148-218A-4596-9DDC-38E019D074B2}.Release|Any CPU.ActiveCfg = Release|Any CPU
		{52FBF148-218A-4596-9DDC-38E019D074B2}.Release|Any CPU.Build.0 = Release|Any CPU
		{7F0A1955-5527-4F06-AD25-E8EAC92733BE}.Debug|Any CPU.ActiveCfg = Debug|Any CPU
		{7F0A1955-5527-4F06-AD25-E8EAC92733BE}.Debug|Any CPU.Build.0 = Debug|Any CPU
		{7F0A1955-5527-4F06-AD25-E8EAC92733BE}.Release|Any CPU.ActiveCfg = Release|Any CPU
		{7F0A1955-5527-4F06-AD25-E8EAC92733BE}.Release|Any CPU.Build.0 = Release|Any CPU
		{2502C123-7A50-4788-BC73-B9BDCF27337E}.Debug|Any CPU.ActiveCfg = Debug|Any CPU
		{2502C123-7A50-4788-BC73-B9BDCF27337E}.Debug|Any CPU.Build.0 = Debug|Any CPU
		{2502C123-7A50-4788-BC73-B9BDCF27337E}.Release|Any CPU.ActiveCfg = Release|Any CPU
		{2502C123-7A50-4788-BC73-B9BDCF27337E}.Release|Any CPU.Build.0 = Release|Any CPU
		{4AC4347B-36C8-4BF5-996B-75FC3920F448}.Debug|Any CPU.ActiveCfg = Debug|Any CPU
		{4AC4347B-36C8-4BF5-996B-75FC3920F448}.Debug|Any CPU.Build.0 = Debug|Any CPU
		{4AC4347B-36C8-4BF5-996B-75FC3920F448}.Release|Any CPU.ActiveCfg = Release|Any CPU
		{4AC4347B-36C8-4BF5-996B-75FC3920F448}.Release|Any CPU.Build.0 = Release|Any CPU
		{8C159956-15B0-44F9-BFB1-0B45F2ACF2D6}.Debug|Any CPU.ActiveCfg = Debug|Any CPU
		{8C159956-15B0-44F9-BFB1-0B45F2ACF2D6}.Debug|Any CPU.Build.0 = Debug|Any CPU
		{8C159956-15B0-44F9-BFB1-0B45F2ACF2D6}.Release|Any CPU.ActiveCfg = Release|Any CPU
		{8C159956-15B0-44F9-BFB1-0B45F2ACF2D6}.Release|Any CPU.Build.0 = Release|Any CPU
		{87687A44-E90F-40DF-9808-08C624685351}.Debug|Any CPU.ActiveCfg = Debug|Any CPU
		{87687A44-E90F-40DF-9808-08C624685351}.Debug|Any CPU.Build.0 = Debug|Any CPU
		{87687A44-E90F-40DF-9808-08C624685351}.Release|Any CPU.ActiveCfg = Release|Any CPU
		{87687A44-E90F-40DF-9808-08C624685351}.Release|Any CPU.Build.0 = Release|Any CPU
		{810F1EC4-661B-4A81-8EC5-2435906AFFD9}.Debug|Any CPU.ActiveCfg = Debug|Any CPU
		{810F1EC4-661B-4A81-8EC5-2435906AFFD9}.Debug|Any CPU.Build.0 = Debug|Any CPU
		{810F1EC4-661B-4A81-8EC5-2435906AFFD9}.Release|Any CPU.ActiveCfg = Release|Any CPU
		{810F1EC4-661B-4A81-8EC5-2435906AFFD9}.Release|Any CPU.Build.0 = Release|Any CPU
		{805148A5-F215-4260-A510-39EED5492F95}.Debug|Any CPU.ActiveCfg = Debug|Any CPU
		{805148A5-F215-4260-A510-39EED5492F95}.Debug|Any CPU.Build.0 = Debug|Any CPU
		{805148A5-F215-4260-A510-39EED5492F95}.Release|Any CPU.ActiveCfg = Release|Any CPU
		{805148A5-F215-4260-A510-39EED5492F95}.Release|Any CPU.Build.0 = Release|Any CPU
		{87338354-050F-41AD-8DAB-84ED6B0C789A}.Debug|Any CPU.ActiveCfg = Debug|Any CPU
		{87338354-050F-41AD-8DAB-84ED6B0C789A}.Debug|Any CPU.Build.0 = Debug|Any CPU
		{87338354-050F-41AD-8DAB-84ED6B0C789A}.Release|Any CPU.ActiveCfg = Release|Any CPU
		{87338354-050F-41AD-8DAB-84ED6B0C789A}.Release|Any CPU.Build.0 = Release|Any CPU
		{2D82D23C-853E-4E57-9A8E-10AFC0445251}.Debug|Any CPU.ActiveCfg = Debug|Any CPU
		{2D82D23C-853E-4E57-9A8E-10AFC0445251}.Debug|Any CPU.Build.0 = Debug|Any CPU
		{2D82D23C-853E-4E57-9A8E-10AFC0445251}.Release|Any CPU.ActiveCfg = Release|Any CPU
		{2D82D23C-853E-4E57-9A8E-10AFC0445251}.Release|Any CPU.Build.0 = Release|Any CPU
		{D8ABFC3B-0A60-4845-B36A-1661414DAFAA}.Debug|Any CPU.ActiveCfg = Debug|Any CPU
		{D8ABFC3B-0A60-4845-B36A-1661414DAFAA}.Debug|Any CPU.Build.0 = Debug|Any CPU
		{D8ABFC3B-0A60-4845-B36A-1661414DAFAA}.Release|Any CPU.ActiveCfg = Release|Any CPU
		{D8ABFC3B-0A60-4845-B36A-1661414DAFAA}.Release|Any CPU.Build.0 = Release|Any CPU
	EndGlobalSection
	GlobalSection(SolutionProperties) = preSolution
		HideSolutionNode = FALSE
	EndGlobalSection
	GlobalSection(NestedProjects) = preSolution
		{5F60955E-B826-4DCF-B25C-00F6A1E5B0DB} = {BD7031F3-C231-4530-A210-22A4ABA917EB}
		{5E935A3A-FFE5-41B4-9B7E-2501538BE4DB} = {BD7031F3-C231-4530-A210-22A4ABA917EB}
		{ACFEBA7D-C024-4877-9FA6-4F76B4BEEA6C} = {BD7031F3-C231-4530-A210-22A4ABA917EB}
		{B040D7AC-6D09-4E2C-B8BC-C9C3D0FF2430} = {BD7031F3-C231-4530-A210-22A4ABA917EB}
		{20D496EE-6681-4B87-AF15-942788DAB06F} = {BD7031F3-C231-4530-A210-22A4ABA917EB}
		{2F8D728C-477A-4D36-B9CB-3848C1530A23} = {BC01D2A9-896A-439E-99E2-2A14E0667711}
		{DF227BEF-9D75-4187-8FBB-E3A062108E17} = {BC01D2A9-896A-439E-99E2-2A14E0667711}
		{42E2DDF4-3CE6-4315-9348-03A32192DB27} = {BC01D2A9-896A-439E-99E2-2A14E0667711}
		{52FBF148-218A-4596-9DDC-38E019D074B2} = {BC01D2A9-896A-439E-99E2-2A14E0667711}
		{7F0A1955-5527-4F06-AD25-E8EAC92733BE} = {BC01D2A9-896A-439E-99E2-2A14E0667711}
		{2502C123-7A50-4788-BC73-B9BDCF27337E} = {634FE9CD-4173-482F-B421-F6F0348CF320}
		{4AC4347B-36C8-4BF5-996B-75FC3920F448} = {634FE9CD-4173-482F-B421-F6F0348CF320}
		{8C159956-15B0-44F9-BFB1-0B45F2ACF2D6} = {634FE9CD-4173-482F-B421-F6F0348CF320}
		{87687A44-E90F-40DF-9808-08C624685351} = {634FE9CD-4173-482F-B421-F6F0348CF320}
		{810F1EC4-661B-4A81-8EC5-2435906AFFD9} = {C0005ECE-2149-4B01-A1D9-E7D7E626444C}
		{805148A5-F215-4260-A510-39EED5492F95} = {C0005ECE-2149-4B01-A1D9-E7D7E626444C}
		{87338354-050F-41AD-8DAB-84ED6B0C789A} = {C0005ECE-2149-4B01-A1D9-E7D7E626444C}
		{2D82D23C-853E-4E57-9A8E-10AFC0445251} = {C0005ECE-2149-4B01-A1D9-E7D7E626444C}
		{D8ABFC3B-0A60-4845-B36A-1661414DAFAA} = {ACB0AF50-4388-44E5-A2B8-9FE0656B2AB9}
	EndGlobalSection
	GlobalSection(ExtensibilityGlobals) = postSolution
		SolutionGuid = {13F98D1C-0A4B-4DC1-A2BE-A2B3907E8AC1}
	EndGlobalSection
EndGlobal
